
Microsoft Visual Studio Solution File, Format Version 12.00
# Visual Studio Version 17
VisualStudioVersion = 17.3.32901.215
MinimumVisualStudioVersion = 10.0.40219.1
Project("{FAE04EC0-301F-11D3-BF4B-00C04F79EFBC}") = "ViDu1", "ViDu1\ViDu1.csproj", "{4FCC2513-E8D6-4F91-98C6-C7A8CC03C1D2}"
EndProject
Global
	GlobalSection(SolutionConfigurationPlatforms) = preSolution
		Debug|Any CPU = Debug|Any CPU
		Release|Any CPU = Release|Any CPU
	EndGlobalSection
	GlobalSection(ProjectConfigurationPlatforms) = postSolution
		{4FCC2513-E8D6-4F91-98C6-C7A8CC03C1D2}.Debug|Any CPU.ActiveCfg = Debug|Any CPU
		{4FCC2513-E8D6-4F91-98C6-C7A8CC03C1D2}.Debug|Any CPU.Build.0 = Debug|Any CPU
		{4FCC2513-E8D6-4F91-98C6-C7A8CC03C1D2}.Release|Any CPU.ActiveCfg = Release|Any CPU
		{4FCC2513-E8D6-4F91-98C6-C7A8CC03C1D2}.Release|Any CPU.Build.0 = Release|Any CPU
	EndGlobalSection
	GlobalSection(SolutionProperties) = preSolution
		HideSolutionNode = FALSE
	EndGlobalSection
	GlobalSection(ExtensibilityGlobals) = postSolution
		SolutionGuid = {2827AE6B-5108-41AB-82C2-8CC908C9284D}
	EndGlobalSection
EndGlobal
